
Microsoft Visual Studio Solution File, Format Version 12.00
# Visual Studio Version 16
VisualStudioVersion = 16.0.28803.202
MinimumVisualStudioVersion = 10.0.40219.1
Project("{FAE04EC0-301F-11D3-BF4B-00C04F79EFBC}") = "Euclid", "Euclid\Euclid.csproj", "{FF619751-F8D2-4D82-ABC9-29B26436195D}"
EndProject
Global
	GlobalSection(SolutionConfigurationPlatforms) = preSolution
		Debug|Any CPU = Debug|Any CPU
		Release|Any CPU = Release|Any CPU
	EndGlobalSection
	GlobalSection(ProjectConfigurationPlatforms) = postSolution
		{FF619751-F8D2-4D82-ABC9-29B26436195D}.Debug|Any CPU.ActiveCfg = Debug|Any CPU
		{FF619751-F8D2-4D82-ABC9-29B26436195D}.Debug|Any CPU.Build.0 = Debug|Any CPU
		{FF619751-F8D2-4D82-ABC9-29B26436195D}.Release|Any CPU.ActiveCfg = Release|Any CPU
		{FF619751-F8D2-4D82-ABC9-29B26436195D}.Release|Any CPU.Build.0 = Release|Any CPU
	EndGlobalSection
	GlobalSection(SolutionProperties) = preSolution
		HideSolutionNode = FALSE
	EndGlobalSection
	GlobalSection(ExtensibilityGlobals) = postSolution
		SolutionGuid = {2A4226DB-EB39-466F-A458-BC2DD2BD764D}
	EndGlobalSection
EndGlobal
