
Microsoft Visual Studio Solution File, Format Version 12.00
# Visual Studio 15
VisualStudioVersion = 15.0.27130.2036
MinimumVisualStudioVersion = 10.0.40219.1
Project("{FAE04EC0-301F-11D3-BF4B-00C04F79EFBC}") = "SimplaHashTable", "SimplaHashTable\SimplaHashTable.csproj", "{8F4C0F77-FAB4-4590-BFE3-9BA6B9813CBD}"
EndProject
Global
	GlobalSection(SolutionConfigurationPlatforms) = preSolution
		Debug|Any CPU = Debug|Any CPU
		Release|Any CPU = Release|Any CPU
	EndGlobalSection
	GlobalSection(ProjectConfigurationPlatforms) = postSolution
		{8F4C0F77-FAB4-4590-BFE3-9BA6B9813CBD}.Debug|Any CPU.ActiveCfg = Debug|Any CPU
		{8F4C0F77-FAB4-4590-BFE3-9BA6B9813CBD}.Debug|Any CPU.Build.0 = Debug|Any CPU
		{8F4C0F77-FAB4-4590-BFE3-9BA6B9813CBD}.Release|Any CPU.ActiveCfg = Release|Any CPU
		{8F4C0F77-FAB4-4590-BFE3-9BA6B9813CBD}.Release|Any CPU.Build.0 = Release|Any CPU
	EndGlobalSection
	GlobalSection(SolutionProperties) = preSolution
		HideSolutionNode = FALSE
	EndGlobalSection
	GlobalSection(ExtensibilityGlobals) = postSolution
		SolutionGuid = {7014B7EC-DBC8-40CA-847C-8B9917F45C7E}
	EndGlobalSection
EndGlobal
