
Microsoft Visual Studio Solution File, Format Version 12.00
# Visual Studio Version 16
VisualStudioVersion = 16.0.28803.202
MinimumVisualStudioVersion = 10.0.40219.1
Project("{FAE04EC0-301F-11D3-BF4B-00C04F79EFBC}") = "Map", "Map\Map.csproj", "{02908442-08DE-4E3C-94A6-15EA0AEAB197}"
EndProject
Global
	GlobalSection(SolutionConfigurationPlatforms) = preSolution
		Debug|Any CPU = Debug|Any CPU
		Release|Any CPU = Release|Any CPU
	EndGlobalSection
	GlobalSection(ProjectConfigurationPlatforms) = postSolution
		{02908442-08DE-4E3C-94A6-15EA0AEAB197}.Debug|Any CPU.ActiveCfg = Debug|Any CPU
		{02908442-08DE-4E3C-94A6-15EA0AEAB197}.Debug|Any CPU.Build.0 = Debug|Any CPU
		{02908442-08DE-4E3C-94A6-15EA0AEAB197}.Release|Any CPU.ActiveCfg = Release|Any CPU
		{02908442-08DE-4E3C-94A6-15EA0AEAB197}.Release|Any CPU.Build.0 = Release|Any CPU
	EndGlobalSection
	GlobalSection(SolutionProperties) = preSolution
		HideSolutionNode = FALSE
	EndGlobalSection
	GlobalSection(ExtensibilityGlobals) = postSolution
		SolutionGuid = {92442D6F-CDC9-4E7A-8270-3394FEEB20BA}
	EndGlobalSection
EndGlobal
