
Microsoft Visual Studio Solution File, Format Version 12.00
# Visual Studio Version 16
VisualStudioVersion = 16.0.28803.202
MinimumVisualStudioVersion = 10.0.40219.1
Project("{FAE04EC0-301F-11D3-BF4B-00C04F79EFBC}") = "Sorting", "Sorting\Sorting.csproj", "{0FC03072-9056-4B76-931F-8BA632897683}"
EndProject
Global
	GlobalSection(SolutionConfigurationPlatforms) = preSolution
		Debug|Any CPU = Debug|Any CPU
		Release|Any CPU = Release|Any CPU
	EndGlobalSection
	GlobalSection(ProjectConfigurationPlatforms) = postSolution
		{0FC03072-9056-4B76-931F-8BA632897683}.Debug|Any CPU.ActiveCfg = Debug|Any CPU
		{0FC03072-9056-4B76-931F-8BA632897683}.Debug|Any CPU.Build.0 = Debug|Any CPU
		{0FC03072-9056-4B76-931F-8BA632897683}.Release|Any CPU.ActiveCfg = Release|Any CPU
		{0FC03072-9056-4B76-931F-8BA632897683}.Release|Any CPU.Build.0 = Release|Any CPU
	EndGlobalSection
	GlobalSection(SolutionProperties) = preSolution
		HideSolutionNode = FALSE
	EndGlobalSection
	GlobalSection(ExtensibilityGlobals) = postSolution
		SolutionGuid = {225F3620-0FA1-4423-9922-F350859DF5AD}
	EndGlobalSection
EndGlobal
